
Microsoft Visual Studio Solution File, Format Version 12.00
# Visual Studio Version 17
VisualStudioVersion = 17.11.35303.130
MinimumVisualStudioVersion = 10.0.40219.1
Project("{9A19103F-16F7-4668-BE54-9A1E7A4F7556}") = "BlazorWasmAlong8", "BlazorWasmAlong8\BlazorWasmAlong8.csproj", "{E70797C8-7D2E-46B2-BA17-6A41D0528535}"
EndProject
Project("{2150E333-8FDC-42A3-9474-1A3956D46DE8}") = "Solution Items", "Solution Items", "{A874E67A-AA47-4412-A96D-F510501B6976}"
	ProjectSection(SolutionItems) = preProject
		README.md = README.md
	EndProjectSection
EndProject
Global
	GlobalSection(SolutionConfigurationPlatforms) = preSolution
		Debug|Any CPU = Debug|Any CPU
		Release|Any CPU = Release|Any CPU
	EndGlobalSection
	GlobalSection(ProjectConfigurationPlatforms) = postSolution
		{E70797C8-7D2E-46B2-BA17-6A41D0528535}.Debug|Any CPU.ActiveCfg = Debug|Any CPU
		{E70797C8-7D2E-46B2-BA17-6A41D0528535}.Debug|Any CPU.Build.0 = Debug|Any CPU
		{E70797C8-7D2E-46B2-BA17-6A41D0528535}.Release|Any CPU.ActiveCfg = Release|Any CPU
		{E70797C8-7D2E-46B2-BA17-6A41D0528535}.Release|Any CPU.Build.0 = Release|Any CPU
	EndGlobalSection
	GlobalSection(SolutionProperties) = preSolution
		HideSolutionNode = FALSE
	EndGlobalSection
	GlobalSection(ExtensibilityGlobals) = postSolution
		SolutionGuid = {707EEAFF-9AFA-49A2-AB55-510FCB783254}
	EndGlobalSection
EndGlobal
